#MicroXplorer Configuration settings - do not modify
CAD.formats=
CAD.pinconfig=
CAD.provider=
File.Version=6
GPIO.groupedBy=Group By Peripherals
KeepUserPlacement=false
Mcu.CPN=STM32H723ZGT6
Mcu.Family=STM32H7
Mcu.IP0=CORTEX_M7
Mcu.IP1=NVIC
Mcu.IP2=OCTOSPI1
Mcu.IP3=RCC
Mcu.IP4=SYS
Mcu.IPNb=5
Mcu.Name=STM32H723ZGTx
Mcu.Package=LQFP144
Mcu.Pin0=PE2
Mcu.Pin1=PC13
Mcu.Pin10=PD13
Mcu.Pin11=PG6
Mcu.Pin12=PE1
Mcu.Pin13=VP_OCTOSPI1_VS_quad
Mcu.Pin14=VP_SYS_VS_Systick
Mcu.Pin15=VP_STMicroelectronics.X-CUBE-DISPLAY_VS_BoardOoPartJjDISPLAY_3.0.0_3.0.0
Mcu.Pin2=PC14-OSC32_IN
Mcu.Pin3=PC15-OSC32_OUT
Mcu.Pin4=PH0-OSC_IN
Mcu.Pin5=PB0
Mcu.Pin6=PB2
Mcu.Pin7=PB14
Mcu.Pin8=PD11
Mcu.Pin9=PD12
Mcu.PinsNb=16
Mcu.ThirdParty0=STMicroelectronics.X-CUBE-DISPLAY.3.0.0
Mcu.ThirdPartyNb=1
Mcu.UserConstants=
Mcu.UserName=STM32H723ZGTx
MxCube.Version=6.7.0
MxDb.Version=DB.6.0.70
NVIC.BusFault_IRQn=true\:0\:0\:false\:false\:false\:false\:false\:false
NVIC.DebugMonitor_IRQn=true\:0\:0\:false\:false\:false\:false\:false\:false
NVIC.ForceEnableDMAVector=true
NVIC.HardFault_IRQn=true\:0\:0\:false\:false\:false\:false\:false\:false
NVIC.MemoryManagement_IRQn=true\:0\:0\:false\:false\:false\:false\:false\:false
NVIC.NonMaskableInt_IRQn=true\:0\:0\:false\:false\:false\:false\:false\:false
NVIC.PendSV_IRQn=true\:0\:0\:false\:false\:false\:false\:false\:false
NVIC.PriorityGroup=NVIC_PRIORITYGROUP_4
NVIC.SVCall_IRQn=true\:0\:0\:false\:false\:false\:false\:false\:false
NVIC.SysTick_IRQn=true\:0\:0\:false\:false\:false\:false\:true\:false
NVIC.UsageFault_IRQn=true\:0\:0\:false\:false\:false\:false\:false\:false
OCTOSPI1.ChipSelectHighTime=2
OCTOSPI1.ClockPrescaler=2
OCTOSPI1.DeviceSize=23
OCTOSPI1.FifoThreshold=4
OCTOSPI1.IPParameters=FifoThreshold,MemoryType,DeviceSize,ChipSelectHighTime,ClockPrescaler,SampleShifting
OCTOSPI1.MemoryType=HAL_OSPI_MEMTYPE_MACRONIX
OCTOSPI1.SampleShifting=HAL_OSPI_SAMPLE_SHIFTING_HALFCYCLE
PB0.GPIOParameters=GPIO_Speed,PinState,GPIO_Label
PB0.GPIO_Label=LED_GREEN
PB0.GPIO_Speed=GPIO_SPEED_FREQ_MEDIUM
PB0.Locked=true
PB0.PinState=GPIO_PIN_RESET
PB0.Signal=GPIO_Output
PB14.GPIOParameters=GPIO_Speed,GPIO_Label
PB14.GPIO_Label=LED_RED
PB14.GPIO_Speed=GPIO_SPEED_FREQ_MEDIUM
PB14.Locked=true
PB14.Signal=GPIO_Output
PB2.Locked=true
PB2.Mode=O1_P1_CLK
PB2.Signal=OCTOSPIM_P1_CLK
PC13.GPIOParameters=GPIO_Label
PC13.GPIO_Label=BUTTON_USER
PC13.Locked=true
PC13.Signal=GPIO_Input
PC14-OSC32_IN.Mode=LSE-External-Oscillator
PC14-OSC32_IN.Signal=RCC_OSC32_IN
PC15-OSC32_OUT.Mode=LSE-External-Oscillator
PC15-OSC32_OUT.Signal=RCC_OSC32_OUT
PD11.Locked=true
PD11.Mode=OCTOSPI1_IOL_Port1L
PD11.Signal=OCTOSPIM_P1_IO0
PD12.Locked=true
PD12.Mode=OCTOSPI1_IOL_Port1L
PD12.Signal=OCTOSPIM_P1_IO1
PD13.Locked=true
PD13.Mode=OCTOSPI1_IOL_Port1L
PD13.Signal=OCTOSPIM_P1_IO3
PE1.GPIOParameters=GPIO_Speed,GPIO_Label
PE1.GPIO_Label=LED_YELLOW
PE1.GPIO_Speed=GPIO_SPEED_FREQ_MEDIUM
PE1.Locked=true
PE1.Signal=GPIO_Output
PE2.Mode=OCTOSPI1_IOL_Port1L
PE2.Signal=OCTOSPIM_P1_IO2
PG6.Locked=true
PG6.Mode=OCTOSPI1_Port1_NCS
PG6.Signal=OCTOSPIM_P1_NCS
PH0-OSC_IN.Mode=HSE-External-Clock-Source
PH0-OSC_IN.Signal=RCC_OSC_IN
PinOutPanel.RotationAngle=0
ProjectManager.AskForMigrate=true
ProjectManager.BackupPrevious=false
ProjectManager.CompilerOptimize=6
ProjectManager.ComputerToolchain=false
ProjectManager.CoupleFile=true
ProjectManager.CustomerFirmwarePackage=..\\..\\..\\..
ProjectManager.DefaultFWLocation=false
ProjectManager.DeletePrevious=true
ProjectManager.DeviceId=STM32H723ZGTx
ProjectManager.FirmwarePackage=STM32Cube FW_H7 V1.11.0
ProjectManager.FreePins=false
ProjectManager.HalAssertFull=false
ProjectManager.HeapSize=0x400
ProjectManager.KeepUserCode=true
ProjectManager.LastFirmware=true
ProjectManager.LibraryCopy=2
ProjectManager.MainLocation=Core/Src
ProjectManager.NoMain=true
ProjectManager.PreviousToolchain=
ProjectManager.ProjectBuild=false
ProjectManager.ProjectFileName=GFX02Z1_FlashLoader.ioc
ProjectManager.ProjectName=GFX02Z1_FlashLoader
ProjectManager.RegisterCallBack=
ProjectManager.StackSize=0x400
ProjectManager.TargetToolchain=STM32CubeIDE
ProjectManager.ToolChainLocation=
ProjectManager.UnderRoot=false
ProjectManager.functionlistsort=1-SystemClock_Config-RCC-false-HAL-false,2-MX_GPIO_Init-GPIO-false-HAL-true,3-MX_OCTOSPI1_Init-OCTOSPI1-false-HAL-true,0-MX_CORTEX_M7_Init-CORTEX_M7-false-HAL-true
RCC.ADCFreq_Value=160000000
RCC.AHB12Freq_Value=275000000
RCC.AHB4Freq_Value=275000000
RCC.APB1Freq_Value=137500000
RCC.APB2Freq_Value=137500000
RCC.APB3Freq_Value=137500000
RCC.APB4Freq_Value=137500000
RCC.AXIClockFreq_Value=275000000
RCC.CECFreq_Value=32000
RCC.CKPERFreq_Value=64000000
RCC.CortexFreq_Value=550000000
RCC.CpuClockFreq_Value=550000000
RCC.D1CPREFreq_Value=550000000
RCC.D1PPRE=RCC_APB3_DIV2
RCC.D2PPRE1=RCC_APB1_DIV2
RCC.D2PPRE2=RCC_APB2_DIV2
RCC.D3PPRE=RCC_APB4_DIV2
RCC.DFSDMACLkFreq_Value=137500000
RCC.DFSDMFreq_Value=137500000
RCC.DIVM1=4
RCC.DIVM2=8
RCC.DIVN1=275
RCC.DIVN2=320
RCC.DIVP1=1
RCC.DIVP1Freq_Value=550000000
RCC.DIVP2Freq_Value=160000000
RCC.DIVP3Freq_Value=16125000
RCC.DIVQ1=4
RCC.DIVQ1Freq_Value=137500000
RCC.DIVQ2Freq_Value=160000000
RCC.DIVQ3Freq_Value=16125000
RCC.DIVR1Freq_Value=275000000
RCC.DIVR2Freq_Value=160000000
RCC.DIVR3Freq_Value=16125000
RCC.FDCANFreq_Value=137500000
RCC.FMCCLockSelection=RCC_FMCCLKSOURCE_PLL2
RCC.FMCFreq_Value=160000000
RCC.FamilyName=M
RCC.HCLK3ClockFreq_Value=275000000
RCC.HCLKFreq_Value=275000000
RCC.HPRE=RCC_HCLK_DIV2
RCC.HSE_VALUE=8000000
RCC.I2C123Freq_Value=137500000
RCC.I2C4Freq_Value=137500000
RCC.IPParameters=ADCFreq_Value,AHB12Freq_Value,AHB4Freq_Value,APB1Freq_Value,APB2Freq_Value,APB3Freq_Value,APB4Freq_Value,AXIClockFreq_Value,CECFreq_Value,CKPERFreq_Value,CortexFreq_Value,CpuClockFreq_Value,D1CPREFreq_Value,D1PPRE,D2PPRE1,D2PPRE2,D3PPRE,DFSDMACLkFreq_Value,DFSDMFreq_Value,DIVM1,DIVM2,DIVN1,DIVN2,DIVP1,DIVP1Freq_Value,DIVP2Freq_Value,DIVP3Freq_Value,DIVQ1,DIVQ1Freq_Value,DIVQ2Freq_Value,DIVQ3Freq_Value,DIVR1Freq_Value,DIVR2Freq_Value,DIVR3Freq_Value,FDCANFreq_Value,FMCCLockSelection,FMCFreq_Value,FamilyName,HCLK3ClockFreq_Value,HCLKFreq_Value,HPRE,HSE_VALUE,I2C123Freq_Value,I2C4Freq_Value,LPTIM1Freq_Value,LPTIM2Freq_Value,LPTIM345Freq_Value,LPUART1Freq_Value,LTDCFreq_Value,MCO1PinFreq_Value,MCO2PinFreq_Value,PLLFRACN,PLLSourceVirtual,QSPICLockSelection,QSPIFreq_Value,RNGFreq_Value,RTCFreq_Value,SAI1Freq_Value,SAI4AFreq_Value,SAI4BFreq_Value,SDMMCFreq_Value,SPDIFRXFreq_Value,SPI123Freq_Value,SPI45Freq_Value,SPI6Freq_Value,SWPMI1Freq_Value,SYSCLKFreq_VALUE,SYSCLKSource,Tim1OutputFreq_Value,Tim2OutputFreq_Value,TraceFreq_Value,USART16Freq_Value,USART234578Freq_Value,USBCLockSelection,USBFreq_Value,VCO1OutputFreq_Value,VCO2OutputFreq_Value,VCO3OutputFreq_Value,VCOInput1Freq_Value,VCOInput2Freq_Value,VCOInput3Freq_Value
RCC.LPTIM1Freq_Value=137500000
RCC.LPTIM2Freq_Value=137500000
RCC.LPTIM345Freq_Value=137500000
RCC.LPUART1Freq_Value=137500000
RCC.LTDCFreq_Value=16125000
RCC.MCO1PinFreq_Value=64000000
RCC.MCO2PinFreq_Value=550000000
RCC.PLLFRACN=0
RCC.PLLSourceVirtual=RCC_PLLSOURCE_HSE
RCC.QSPICLockSelection=RCC_OSPICLKSOURCE_PLL2
RCC.QSPIFreq_Value=160000000
RCC.RNGFreq_Value=48000000
RCC.RTCFreq_Value=32000
RCC.SAI1Freq_Value=137500000
RCC.SAI4AFreq_Value=137500000
RCC.SAI4BFreq_Value=137500000
RCC.SDMMCFreq_Value=137500000
RCC.SPDIFRXFreq_Value=137500000
RCC.SPI123Freq_Value=137500000
RCC.SPI45Freq_Value=137500000
RCC.SPI6Freq_Value=137500000
RCC.SWPMI1Freq_Value=137500000
RCC.SYSCLKFreq_VALUE=550000000
RCC.SYSCLKSource=RCC_SYSCLKSOURCE_PLLCLK
RCC.Tim1OutputFreq_Value=275000000
RCC.Tim2OutputFreq_Value=275000000
RCC.TraceFreq_Value=64000000
RCC.USART16Freq_Value=137500000
RCC.USART234578Freq_Value=137500000
RCC.USBCLockSelection=RCC_USBCLKSOURCE_HSI48
RCC.USBFreq_Value=48000000
RCC.VCO1OutputFreq_Value=550000000
RCC.VCO2OutputFreq_Value=320000000
RCC.VCO3OutputFreq_Value=32250000
RCC.VCOInput1Freq_Value=2000000
RCC.VCOInput2Freq_Value=1000000
RCC.VCOInput3Freq_Value=250000
STMicroelectronics.X-CUBE-DISPLAY.3.0.0.ApplicationCcDeviceJjApplication=GFX02Z1IiHelloWorld
STMicroelectronics.X-CUBE-DISPLAY.3.0.0.BoardOoPartJjDISPLAY_Checked=true
STMicroelectronics.X-CUBE-DISPLAY.3.0.0.BoardOoPartJjLCDJjST7789V=FMC
STMicroelectronics.X-CUBE-DISPLAY.3.0.0.BoardOoPartJjMemoryJjMX25L6433F=OSPI
STMicroelectronics.X-CUBE-DISPLAY.3.0.0.DISPLAYCcBoardOoPartJjMemoryJjMX25L6433F=OSPI
STMicroelectronics.X-CUBE-DISPLAY.3.0.0.IPParameters=p_display_cache_lines,p_display_te_event_source,p_display_te_use_hw_timer,p_fmc_dma_tx_id,p_memory_dummy_cycle_read_quad,p_memory_dummy_cycle_read_dual,p_memory_dummy_cycle_read,p_xspi_dma_instance_name,BoardOoPartJjLCDJjST7789V,BoardOoPartJjMemoryJjMX25L6433F,ApplicationCcDeviceJjApplication,p_xspi_mm_mode,DISPLAYCcBoardOoPartJjMemoryJjMX25L6433F
STMicroelectronics.X-CUBE-DISPLAY.3.0.0.p_display_cache_lines=32
STMicroelectronics.X-CUBE-DISPLAY.3.0.0.p_display_te_event_source=TE_SRC_LCD
STMicroelectronics.X-CUBE-DISPLAY.3.0.0.p_display_te_use_hw_timer=false
STMicroelectronics.X-CUBE-DISPLAY.3.0.0.p_fmc_dma_tx_id=1\:0
STMicroelectronics.X-CUBE-DISPLAY.3.0.0.p_memory_dummy_cycle_read=8
STMicroelectronics.X-CUBE-DISPLAY.3.0.0.p_memory_dummy_cycle_read_dual=4
STMicroelectronics.X-CUBE-DISPLAY.3.0.0.p_memory_dummy_cycle_read_quad=6
STMicroelectronics.X-CUBE-DISPLAY.3.0.0.p_xspi_dma_instance_name=MDMA_Channel0
STMicroelectronics.X-CUBE-DISPLAY.3.0.0.p_xspi_mm_mode=false
STMicroelectronics.X-CUBE-DISPLAY.3.0.0_IsPackSelfContextualization=true
STMicroelectronics.X-CUBE-DISPLAY.3.0.0_SwParameter=DISPLAYCcBoardOoPartJjMemoryJjMX25L6433F\:OSPI;
VP_OCTOSPI1_VS_quad.Mode=quad_mode
VP_OCTOSPI1_VS_quad.Signal=OCTOSPI1_VS_quad
VP_STMicroelectronics.X-CUBE-DISPLAY_VS_BoardOoPartJjDISPLAY_3.0.0_3.0.0.Mode=BoardOoPartJjDISPLAY
VP_STMicroelectronics.X-CUBE-DISPLAY_VS_BoardOoPartJjDISPLAY_3.0.0_3.0.0.Signal=STMicroelectronics.X-CUBE-DISPLAY_VS_BoardOoPartJjDISPLAY_3.0.0_3.0.0
VP_SYS_VS_Systick.Mode=SysTick
VP_SYS_VS_Systick.Signal=SYS_VS_Systick
board=NUCLEO-H723ZG
boardIOC=true
